// !$*UTF8*$!
{
	archiveVersion = 1;
	classes = {
	};
	objectVersion = 56;
	objects = {

/* Begin PBXBuildFile section */
		A8ADAC852B63967C00DB7338 /* MarvelAppApp.swift in Sources */ = {isa = PBXBuildFile; fileRef = A8ADAC842B63967C00DB7338 /* MarvelAppApp.swift */; };
		A8ADAC892B63967D00DB7338 /* Assets.xcassets in Resources */ = {isa = PBXBuildFile; fileRef = A8ADAC882B63967D00DB7338 /* Assets.xcassets */; };
		A8ADAC8C2B63967D00DB7338 /* Preview Assets.xcassets in Resources */ = {isa = PBXBuildFile; fileRef = A8ADAC8B2B63967D00DB7338 /* Preview Assets.xcassets */; };
		A8ADAC992B6396DB00DB7338 /* Character.swift in Sources */ = {isa = PBXBuildFile; fileRef = A8ADAC982B6396DB00DB7338 /* Character.swift */; };
		A8ADAC9B2B6396FF00DB7338 /* CharacterView.swift in Sources */ = {isa = PBXBuildFile; fileRef = A8ADAC9A2B6396FF00DB7338 /* CharacterView.swift */; };
		A8ADAC9D2B63971E00DB7338 /* CharacterViewModel.swift in Sources */ = {isa = PBXBuildFile; fileRef = A8ADAC9C2B63971E00DB7338 /* CharacterViewModel.swift */; };
		A8ADACA02B6398A000DB7338 /* Service.swift in Sources */ = {isa = PBXBuildFile; fileRef = A8ADAC9F2B6398A000DB7338 /* Service.swift */; };
		A8ADACA22B639BF500DB7338 /* APIError.swift in Sources */ = {isa = PBXBuildFile; fileRef = A8ADACA12B639BF500DB7338 /* APIError.swift */; };
		A8ADACA42B63B6AD00DB7338 /* CharacterRowView.swift in Sources */ = {isa = PBXBuildFile; fileRef = A8ADACA32B63B6AD00DB7338 /* CharacterRowView.swift */; };
		A8ADACA62B63BBAA00DB7338 /* BackgroundTextShape.swift in Sources */ = {isa = PBXBuildFile; fileRef = A8ADACA52B63BBAA00DB7338 /* BackgroundTextShape.swift */; };
		A8ADACA92B63E7FB00DB7338 /* ImageView.swift in Sources */ = {isa = PBXBuildFile; fileRef = A8ADACA82B63E7FB00DB7338 /* ImageView.swift */; };
		A8ADACB02B642B1A00DB7338 /* SearchView.swift in Sources */ = {isa = PBXBuildFile; fileRef = A8ADACAF2B642B1A00DB7338 /* SearchView.swift */; };
		A8ADACB32B64351900DB7338 /* DependencyProvider.swift in Sources */ = {isa = PBXBuildFile; fileRef = A8ADACB22B64351900DB7338 /* DependencyProvider.swift */; };
		A8ADACB52B6436A700DB7338 /* SearchViewModel.swift in Sources */ = {isa = PBXBuildFile; fileRef = A8ADACB42B6436A700DB7338 /* SearchViewModel.swift */; };
		A8ADACB72B64610D00DB7338 /* SearchRowView.swift in Sources */ = {isa = PBXBuildFile; fileRef = A8ADACB62B64610D00DB7338 /* SearchRowView.swift */; };
		A8ADACB92B64E0F100DB7338 /* ResultState.swift in Sources */ = {isa = PBXBuildFile; fileRef = A8ADACB82B64E0F100DB7338 /* ResultState.swift */; };
		A8ADACBB2B64E64400DB7338 /* ErrorView.swift in Sources */ = {isa = PBXBuildFile; fileRef = A8ADACBA2B64E64400DB7338 /* ErrorView.swift */; };
		A8ADACBF2B64F0A300DB7338 /* SearchViewHeader.swift in Sources */ = {isa = PBXBuildFile; fileRef = A8ADACBE2B64F0A300DB7338 /* SearchViewHeader.swift */; };
		A8ADACC12B64F2E100DB7338 /* EmptyDataView.swift in Sources */ = {isa = PBXBuildFile; fileRef = A8ADACC02B64F2E100DB7338 /* EmptyDataView.swift */; };
		A8ADACC32B6519E300DB7338 /* Config.swift in Sources */ = {isa = PBXBuildFile; fileRef = A8ADACC22B6519E300DB7338 /* Config.swift */; };
		A8ADACC52B654BBB00DB7338 /* LoadMoreView.swift in Sources */ = {isa = PBXBuildFile; fileRef = A8ADACC42B654BBB00DB7338 /* LoadMoreView.swift */; };
/* End PBXBuildFile section */

/* Begin PBXFileReference section */
		A8ADAC812B63967C00DB7338 /* MarvelApp.app */ = {isa = PBXFileReference; explicitFileType = wrapper.application; includeInIndex = 0; path = MarvelApp.app; sourceTree = BUILT_PRODUCTS_DIR; };
		A8ADAC842B63967C00DB7338 /* MarvelAppApp.swift */ = {isa = PBXFileReference; lastKnownFileType = sourcecode.swift; path = MarvelAppApp.swift; sourceTree = "<group>"; };
		A8ADAC882B63967D00DB7338 /* Assets.xcassets */ = {isa = PBXFileReference; lastKnownFileType = folder.assetcatalog; path = Assets.xcassets; sourceTree = "<group>"; };
		A8ADAC8B2B63967D00DB7338 /* Preview Assets.xcassets */ = {isa = PBXFileReference; lastKnownFileType = folder.assetcatalog; path = "Preview Assets.xcassets"; sourceTree = "<group>"; };
		A8ADAC982B6396DB00DB7338 /* Character.swift */ = {isa = PBXFileReference; lastKnownFileType = sourcecode.swift; path = Character.swift; sourceTree = "<group>"; };
		A8ADAC9A2B6396FF00DB7338 /* CharacterView.swift */ = {isa = PBXFileReference; lastKnownFileType = sourcecode.swift; path = CharacterView.swift; sourceTree = "<group>"; };
		A8ADAC9C2B63971E00DB7338 /* CharacterViewModel.swift */ = {isa = PBXFileReference; lastKnownFileType = sourcecode.swift; path = CharacterViewModel.swift; sourceTree = "<group>"; };
		A8ADAC9F2B6398A000DB7338 /* Service.swift */ = {isa = PBXFileReference; lastKnownFileType = sourcecode.swift; path = Service.swift; sourceTree = "<group>"; };
		A8ADACA12B639BF500DB7338 /* APIError.swift */ = {isa = PBXFileReference; lastKnownFileType = sourcecode.swift; path = APIError.swift; sourceTree = "<group>"; };
		A8ADACA32B63B6AD00DB7338 /* CharacterRowView.swift */ = {isa = PBXFileReference; lastKnownFileType = sourcecode.swift; path = CharacterRowView.swift; sourceTree = "<group>"; };
		A8ADACA52B63BBAA00DB7338 /* BackgroundTextShape.swift */ = {isa = PBXFileReference; lastKnownFileType = sourcecode.swift; path = BackgroundTextShape.swift; sourceTree = "<group>"; };
		A8ADACA82B63E7FB00DB7338 /* ImageView.swift */ = {isa = PBXFileReference; lastKnownFileType = sourcecode.swift; path = ImageView.swift; sourceTree = "<group>"; };
		A8ADACAF2B642B1A00DB7338 /* SearchView.swift */ = {isa = PBXFileReference; lastKnownFileType = sourcecode.swift; path = SearchView.swift; sourceTree = "<group>"; };
		A8ADACB22B64351900DB7338 /* DependencyProvider.swift */ = {isa = PBXFileReference; lastKnownFileType = sourcecode.swift; path = DependencyProvider.swift; sourceTree = "<group>"; };
		A8ADACB42B6436A700DB7338 /* SearchViewModel.swift */ = {isa = PBXFileReference; lastKnownFileType = sourcecode.swift; path = SearchViewModel.swift; sourceTree = "<group>"; };
		A8ADACB62B64610D00DB7338 /* SearchRowView.swift */ = {isa = PBXFileReference; lastKnownFileType = sourcecode.swift; path = SearchRowView.swift; sourceTree = "<group>"; };
		A8ADACB82B64E0F100DB7338 /* ResultState.swift */ = {isa = PBXFileReference; lastKnownFileType = sourcecode.swift; path = ResultState.swift; sourceTree = "<group>"; };
		A8ADACBA2B64E64400DB7338 /* ErrorView.swift */ = {isa = PBXFileReference; lastKnownFileType = sourcecode.swift; path = ErrorView.swift; sourceTree = "<group>"; };
		A8ADACBE2B64F0A300DB7338 /* SearchViewHeader.swift */ = {isa = PBXFileReference; lastKnownFileType = sourcecode.swift; path = SearchViewHeader.swift; sourceTree = "<group>"; };
		A8ADACC02B64F2E100DB7338 /* EmptyDataView.swift */ = {isa = PBXFileReference; lastKnownFileType = sourcecode.swift; path = EmptyDataView.swift; sourceTree = "<group>"; };
		A8ADACC22B6519E300DB7338 /* Config.swift */ = {isa = PBXFileReference; lastKnownFileType = sourcecode.swift; path = Config.swift; sourceTree = "<group>"; };
		A8ADACC42B654BBB00DB7338 /* LoadMoreView.swift */ = {isa = PBXFileReference; lastKnownFileType = sourcecode.swift; path = LoadMoreView.swift; sourceTree = "<group>"; };
/* End PBXFileReference section */

/* Begin PBXFrameworksBuildPhase section */
		A8ADAC7E2B63967C00DB7338 /* Frameworks */ = {
			isa = PBXFrameworksBuildPhase;
			buildActionMask = 2147483647;
			files = (
			);
			runOnlyForDeploymentPostprocessing = 0;
		};
/* End PBXFrameworksBuildPhase section */

/* Begin PBXGroup section */
		A8ADAC782B63967C00DB7338 = {
			isa = PBXGroup;
			children = (
				A8ADAC832B63967C00DB7338 /* MarvelApp */,
				A8ADAC822B63967C00DB7338 /* Products */,
			);
			sourceTree = "<group>";
		};
		A8ADAC822B63967C00DB7338 /* Products */ = {
			isa = PBXGroup;
			children = (
				A8ADAC812B63967C00DB7338 /* MarvelApp.app */,
			);
			name = Products;
			sourceTree = "<group>";
		};
		A8ADAC832B63967C00DB7338 /* MarvelApp */ = {
			isa = PBXGroup;
			children = (
				A8ADACB12B64350300DB7338 /* DependencyProvider */,
				A8ADACA72B63E7D700DB7338 /* Helper */,
				A8ADAC9E2B63974800DB7338 /* Services */,
				A8ADAC942B63968E00DB7338 /* Character */,
				A8ADAC932B63968900DB7338 /* CharacterSearch */,
				A8ADAC842B63967C00DB7338 /* MarvelAppApp.swift */,
				A8ADAC882B63967D00DB7338 /* Assets.xcassets */,
				A8ADAC8A2B63967D00DB7338 /* Preview Content */,
			);
			path = MarvelApp;
			sourceTree = "<group>";
		};
		A8ADAC8A2B63967D00DB7338 /* Preview Content */ = {
			isa = PBXGroup;
			children = (
				A8ADAC8B2B63967D00DB7338 /* Preview Assets.xcassets */,
			);
			path = "Preview Content";
			sourceTree = "<group>";
		};
		A8ADAC932B63968900DB7338 /* CharacterSearch */ = {
			isa = PBXGroup;
			children = (
				A8ADACAE2B642ADC00DB7338 /* SearchView */,
				A8ADACAD2B642AD800DB7338 /* SearchViewModel */,
			);
			path = CharacterSearch;
			sourceTree = "<group>";
		};
		A8ADAC942B63968E00DB7338 /* Character */ = {
			isa = PBXGroup;
			children = (
				A8ADAC962B6396A600DB7338 /* Model */,
				A8ADAC972B6396A900DB7338 /* View */,
				A8ADAC952B6396A300DB7338 /* ViewModel */,
			);
			path = Character;
			sourceTree = "<group>";
		};
		A8ADAC952B6396A300DB7338 /* ViewModel */ = {
			isa = PBXGroup;
			children = (
				A8ADAC9C2B63971E00DB7338 /* CharacterViewModel.swift */,
			);
			path = ViewModel;
			sourceTree = "<group>";
		};
		A8ADAC962B6396A600DB7338 /* Model */ = {
			isa = PBXGroup;
			children = (
				A8ADAC982B6396DB00DB7338 /* Character.swift */,
			);
			path = Model;
			sourceTree = "<group>";
		};
		A8ADAC972B6396A900DB7338 /* View */ = {
			isa = PBXGroup;
			children = (
				A8ADAC9A2B6396FF00DB7338 /* CharacterView.swift */,
				A8ADACA32B63B6AD00DB7338 /* CharacterRowView.swift */,
			);
			path = View;
			sourceTree = "<group>";
		};
		A8ADAC9E2B63974800DB7338 /* Services */ = {
			isa = PBXGroup;
			children = (
				A8ADAC9F2B6398A000DB7338 /* Service.swift */,
				A8ADACA12B639BF500DB7338 /* APIError.swift */,
				A8ADACC22B6519E300DB7338 /* Config.swift */,
			);
			path = Services;
			sourceTree = "<group>";
		};
		A8ADACA72B63E7D700DB7338 /* Helper */ = {
			isa = PBXGroup;
			children = (
				A8ADACA52B63BBAA00DB7338 /* BackgroundTextShape.swift */,
				A8ADACA82B63E7FB00DB7338 /* ImageView.swift */,
				A8ADACB82B64E0F100DB7338 /* ResultState.swift */,
				A8ADACBA2B64E64400DB7338 /* ErrorView.swift */,
				A8ADACC02B64F2E100DB7338 /* EmptyDataView.swift */,
				A8ADACC42B654BBB00DB7338 /* LoadMoreView.swift */,
			);
			path = Helper;
			sourceTree = "<group>";
		};
		A8ADACAD2B642AD800DB7338 /* SearchViewModel */ = {
			isa = PBXGroup;
			children = (
				A8ADACB42B6436A700DB7338 /* SearchViewModel.swift */,
			);
			path = SearchViewModel;
			sourceTree = "<group>";
		};
		A8ADACAE2B642ADC00DB7338 /* SearchView */ = {
			isa = PBXGroup;
			children = (
				A8ADACAF2B642B1A00DB7338 /* SearchView.swift */,
				A8ADACBE2B64F0A300DB7338 /* SearchViewHeader.swift */,
				A8ADACB62B64610D00DB7338 /* SearchRowView.swift */,
			);
			path = SearchView;
			sourceTree = "<group>";
		};
		A8ADACB12B64350300DB7338 /* DependencyProvider */ = {
			isa = PBXGroup;
			children = (
				A8ADACB22B64351900DB7338 /* DependencyProvider.swift */,
			);
			path = DependencyProvider;
			sourceTree = "<group>";
		};
/* End PBXGroup section */

/* Begin PBXNativeTarget section */
		A8ADAC802B63967C00DB7338 /* MarvelApp */ = {
			isa = PBXNativeTarget;
			buildConfigurationList = A8ADAC8F2B63967D00DB7338 /* Build configuration list for PBXNativeTarget "MarvelApp" */;
			buildPhases = (
				A8ADAC7D2B63967C00DB7338 /* Sources */,
				A8ADAC7E2B63967C00DB7338 /* Frameworks */,
				A8ADAC7F2B63967C00DB7338 /* Resources */,
			);
			buildRules = (
			);
			dependencies = (
			);
			name = MarvelApp;
			productName = MarvelApp;
			productReference = A8ADAC812B63967C00DB7338 /* MarvelApp.app */;
			productType = "com.apple.product-type.application";
		};
/* End PBXNativeTarget section */

/* Begin PBXProject section */
		A8ADAC792B63967C00DB7338 /* Project object */ = {
			isa = PBXProject;
			attributes = {
				BuildIndependentTargetsInParallel = 1;
				LastSwiftUpdateCheck = 1500;
				LastUpgradeCheck = 1500;
				TargetAttributes = {
					A8ADAC802B63967C00DB7338 = {
						CreatedOnToolsVersion = 15.0.1;
					};
				};
			};
			buildConfigurationList = A8ADAC7C2B63967C00DB7338 /* Build configuration list for PBXProject "MarvelApp" */;
			compatibilityVersion = "Xcode 14.0";
			developmentRegion = en;
			hasScannedForEncodings = 0;
			knownRegions = (
				en,
				Base,
			);
			mainGroup = A8ADAC782B63967C00DB7338;
			productRefGroup = A8ADAC822B63967C00DB7338 /* Products */;
			projectDirPath = "";
			projectRoot = "";
			targets = (
				A8ADAC802B63967C00DB7338 /* MarvelApp */,
			);
		};
/* End PBXProject section */

/* Begin PBXResourcesBuildPhase section */
		A8ADAC7F2B63967C00DB7338 /* Resources */ = {
			isa = PBXResourcesBuildPhase;
			buildActionMask = 2147483647;
			files = (
				A8ADAC8C2B63967D00DB7338 /* Preview Assets.xcassets in Resources */,
				A8ADAC892B63967D00DB7338 /* Assets.xcassets in Resources */,
			);
			runOnlyForDeploymentPostprocessing = 0;
		};
/* End PBXResourcesBuildPhase section */

/* Begin PBXSourcesBuildPhase section */
		A8ADAC7D2B63967C00DB7338 /* Sources */ = {
			isa = PBXSourcesBuildPhase;
			buildActionMask = 2147483647;
			files = (
				A8ADACB92B64E0F100DB7338 /* ResultState.swift in Sources */,
				A8ADACA42B63B6AD00DB7338 /* CharacterRowView.swift in Sources */,
				A8ADAC992B6396DB00DB7338 /* Character.swift in Sources */,
				A8ADACA62B63BBAA00DB7338 /* BackgroundTextShape.swift in Sources */,
				A8ADAC9D2B63971E00DB7338 /* CharacterViewModel.swift in Sources */,
				A8ADACB32B64351900DB7338 /* DependencyProvider.swift in Sources */,
				A8ADACA02B6398A000DB7338 /* Service.swift in Sources */,
				A8ADACC12B64F2E100DB7338 /* EmptyDataView.swift in Sources */,
				A8ADACB72B64610D00DB7338 /* SearchRowView.swift in Sources */,
				A8ADACB52B6436A700DB7338 /* SearchViewModel.swift in Sources */,
				A8ADAC9B2B6396FF00DB7338 /* CharacterView.swift in Sources */,
				A8ADACC32B6519E300DB7338 /* Config.swift in Sources */,
				A8ADACBB2B64E64400DB7338 /* ErrorView.swift in Sources */,
				A8ADACBF2B64F0A300DB7338 /* SearchViewHeader.swift in Sources */,
				A8ADACA92B63E7FB00DB7338 /* ImageView.swift in Sources */,
				A8ADAC852B63967C00DB7338 /* MarvelAppApp.swift in Sources */,
				A8ADACC52B654BBB00DB7338 /* LoadMoreView.swift in Sources */,
				A8ADACA22B639BF500DB7338 /* APIError.swift in Sources */,
				A8ADACB02B642B1A00DB7338 /* SearchView.swift in Sources */,
			);
			runOnlyForDeploymentPostprocessing = 0;
		};
/* End PBXSourcesBuildPhase section */

/* Begin XCBuildConfiguration section */
		A8ADAC8D2B63967D00DB7338 /* Debug */ = {
			isa = XCBuildConfiguration;
			buildSettings = {
				ALWAYS_SEARCH_USER_PATHS = NO;
				ASSETCATALOG_COMPILER_GENERATE_SWIFT_ASSET_SYMBOL_EXTENSIONS = YES;
				CLANG_ANALYZER_NONNULL = YES;
				CLANG_ANALYZER_NUMBER_OBJECT_CONVERSION = YES_AGGRESSIVE;
				CLANG_CXX_LANGUAGE_STANDARD = "gnu++20";
				CLANG_ENABLE_MODULES = YES;
				CLANG_ENABLE_OBJC_ARC = YES;
				CLANG_ENABLE_OBJC_WEAK = YES;
				CLANG_WARN_BLOCK_CAPTURE_AUTORELEASING = YES;
				CLANG_WARN_BOOL_CONVERSION = YES;
				CLANG_WARN_COMMA = YES;
				CLANG_WARN_CONSTANT_CONVERSION = YES;
				CLANG_WARN_DEPRECATED_OBJC_IMPLEMENTATIONS = YES;
				CLANG_WARN_DIRECT_OBJC_ISA_USAGE = YES_ERROR;
				CLANG_WARN_DOCUMENTATION_COMMENTS = YES;
				CLANG_WARN_EMPTY_BODY = YES;
				CLANG_WARN_ENUM_CONVERSION = YES;
				CLANG_WARN_INFINITE_RECURSION = YES;
				CLANG_WARN_INT_CONVERSION = YES;
				CLANG_WARN_NON_LITERAL_NULL_CONVERSION = YES;
				CLANG_WARN_OBJC_IMPLICIT_RETAIN_SELF = YES;
				CLANG_WARN_OBJC_LITERAL_CONVERSION = YES;
				CLANG_WARN_OBJC_ROOT_CLASS = YES_ERROR;
				CLANG_WARN_QUOTED_INCLUDE_IN_FRAMEWORK_HEADER = YES;
				CLANG_WARN_RANGE_LOOP_ANALYSIS = YES;
				CLANG_WARN_STRICT_PROTOTYPES = YES;
				CLANG_WARN_SUSPICIOUS_MOVE = YES;
				CLANG_WARN_UNGUARDED_AVAILABILITY = YES_AGGRESSIVE;
				CLANG_WARN_UNREACHABLE_CODE = YES;
				CLANG_WARN__DUPLICATE_METHOD_MATCH = YES;
				COPY_PHASE_STRIP = NO;
				DEBUG_INFORMATION_FORMAT = dwarf;
				ENABLE_STRICT_OBJC_MSGSEND = YES;
				ENABLE_TESTABILITY = YES;
				ENABLE_USER_SCRIPT_SANDBOXING = YES;
				GCC_C_LANGUAGE_STANDARD = gnu17;
				GCC_DYNAMIC_NO_PIC = NO;
				GCC_NO_COMMON_BLOCKS = YES;
				GCC_OPTIMIZATION_LEVEL = 0;
				GCC_PREPROCESSOR_DEFINITIONS = (
					"DEBUG=1",
					"$(inherited)",
				);
				GCC_WARN_64_TO_32_BIT_CONVERSION = YES;
				GCC_WARN_ABOUT_RETURN_TYPE = YES_ERROR;
				GCC_WARN_UNDECLARED_SELECTOR = YES;
				GCC_WARN_UNINITIALIZED_AUTOS = YES_AGGRESSIVE;
				GCC_WARN_UNUSED_FUNCTION = YES;
				GCC_WARN_UNUSED_VARIABLE = YES;
				IPHONEOS_DEPLOYMENT_TARGET = 17.0;
				LOCALIZATION_PREFERS_STRING_CATALOGS = YES;
				MTL_ENABLE_DEBUG_INFO = INCLUDE_SOURCE;
				MTL_FAST_MATH = YES;
				ONLY_ACTIVE_ARCH = YES;
				SDKROOT = iphoneos;
				SWIFT_ACTIVE_COMPILATION_CONDITIONS = "DEBUG $(inherited)";
				SWIFT_OPTIMIZATION_LEVEL = "-Onone";
			};
			name = Debug;
		};
		A8ADAC8E2B63967D00DB7338 /* Release */ = {
			isa = XCBuildConfiguration;
			buildSettings = {
				ALWAYS_SEARCH_USER_PATHS = NO;
				ASSETCATALOG_COMPILER_GENERATE_SWIFT_ASSET_SYMBOL_EXTENSIONS = YES;
				CLANG_ANALYZER_NONNULL = YES;
				CLANG_ANALYZER_NUMBER_OBJECT_CONVERSION = YES_AGGRESSIVE;
				CLANG_CXX_LANGUAGE_STANDARD = "gnu++20";
				CLANG_ENABLE_MODULES = YES;
				CLANG_ENABLE_OBJC_ARC = YES;
				CLANG_ENABLE_OBJC_WEAK = YES;
				CLANG_WARN_BLOCK_CAPTURE_AUTORELEASING = YES;
				CLANG_WARN_BOOL_CONVERSION = YES;
				CLANG_WARN_COMMA = YES;
				CLANG_WARN_CONSTANT_CONVERSION = YES;
				CLANG_WARN_DEPRECATED_OBJC_IMPLEMENTATIONS = YES;
				CLANG_WARN_DIRECT_OBJC_ISA_USAGE = YES_ERROR;
				CLANG_WARN_DOCUMENTATION_COMMENTS = YES;
				CLANG_WARN_EMPTY_BODY = YES;
				CLANG_WARN_ENUM_CONVERSION = YES;
				CLANG_WARN_INFINITE_RECURSION = YES;
				CLANG_WARN_INT_CONVERSION = YES;
				CLANG_WARN_NON_LITERAL_NULL_CONVERSION = YES;
				CLANG_WARN_OBJC_IMPLICIT_RETAIN_SELF = YES;
				CLANG_WARN_OBJC_LITERAL_CONVERSION = YES;
				CLANG_WARN_OBJC_ROOT_CLASS = YES_ERROR;
				CLANG_WARN_QUOTED_INCLUDE_IN_FRAMEWORK_HEADER = YES;
				CLANG_WARN_RANGE_LOOP_ANALYSIS = YES;
				CLANG_WARN_STRICT_PROTOTYPES = YES;
				CLANG_WARN_SUSPICIOUS_MOVE = YES;
				CLANG_WARN_UNGUARDED_AVAILABILITY = YES_AGGRESSIVE;
				CLANG_WARN_UNREACHABLE_CODE = YES;
				CLANG_WARN__DUPLICATE_METHOD_MATCH = YES;
				COPY_PHASE_STRIP = NO;
				DEBUG_INFORMATION_FORMAT = "dwarf-with-dsym";
				ENABLE_NS_ASSERTIONS = NO;
				ENABLE_STRICT_OBJC_MSGSEND = YES;
				ENABLE_USER_SCRIPT_SANDBOXING = YES;
				GCC_C_LANGUAGE_STANDARD = gnu17;
				GCC_NO_COMMON_BLOCKS = YES;
				GCC_WARN_64_TO_32_BIT_CONVERSION = YES;
				GCC_WARN_ABOUT_RETURN_TYPE = YES_ERROR;
				GCC_WARN_UNDECLARED_SELECTOR = YES;
				GCC_WARN_UNINITIALIZED_AUTOS = YES_AGGRESSIVE;
				GCC_WARN_UNUSED_FUNCTION = YES;
				GCC_WARN_UNUSED_VARIABLE = YES;
				IPHONEOS_DEPLOYMENT_TARGET = 17.0;
				LOCALIZATION_PREFERS_STRING_CATALOGS = YES;
				MTL_ENABLE_DEBUG_INFO = NO;
				MTL_FAST_MATH = YES;
				SDKROOT = iphoneos;
				SWIFT_COMPILATION_MODE = wholemodule;
				VALIDATE_PRODUCT = YES;
			};
			name = Release;
		};
		A8ADAC902B63967D00DB7338 /* Debug */ = {
			isa = XCBuildConfiguration;
			buildSettings = {
				ASSETCATALOG_COMPILER_APPICON_NAME = AppIcon;
				ASSETCATALOG_COMPILER_GLOBAL_ACCENT_COLOR_NAME = AccentColor;
				CODE_SIGN_STYLE = Automatic;
				CURRENT_PROJECT_VERSION = 1;
				DEVELOPMENT_ASSET_PATHS = "\"MarvelApp/Preview Content\"";
				DEVELOPMENT_TEAM = A39WX9UWBY;
				ENABLE_PREVIEWS = YES;
				GENERATE_INFOPLIST_FILE = YES;
				INFOPLIST_KEY_UIApplicationSceneManifest_Generation = YES;
				INFOPLIST_KEY_UIApplicationSupportsIndirectInputEvents = YES;
				INFOPLIST_KEY_UILaunchScreen_Generation = YES;
				INFOPLIST_KEY_UISupportedInterfaceOrientations_iPad = "UIInterfaceOrientationPortrait UIInterfaceOrientationPortraitUpsideDown UIInterfaceOrientationLandscapeLeft UIInterfaceOrientationLandscapeRight";
				INFOPLIST_KEY_UISupportedInterfaceOrientations_iPhone = "UIInterfaceOrientationPortrait UIInterfaceOrientationLandscapeLeft UIInterfaceOrientationLandscapeRight";
				IPHONEOS_DEPLOYMENT_TARGET = 17.0;
				LD_RUNPATH_SEARCH_PATHS = (
					"$(inherited)",
					"@executable_path/Frameworks",
				);
				MARKETING_VERSION = 1.0;
				PRODUCT_BUNDLE_IDENTIFIER = "-.MarvelApp";
				PRODUCT_NAME = "$(TARGET_NAME)";
				SWIFT_EMIT_LOC_STRINGS = YES;
				SWIFT_VERSION = 5.0;
				TARGETED_DEVICE_FAMILY = "1,2";
			};
			name = Debug;
		};
		A8ADAC912B63967D00DB7338 /* Release */ = {
			isa = XCBuildConfiguration;
			buildSettings = {
				ASSETCATALOG_COMPILER_APPICON_NAME = AppIcon;
				ASSETCATALOG_COMPILER_GLOBAL_ACCENT_COLOR_NAME = AccentColor;
				CODE_SIGN_STYLE = Automatic;
				CURRENT_PROJECT_VERSION = 1;
				DEVELOPMENT_ASSET_PATHS = "\"MarvelApp/Preview Content\"";
				DEVELOPMENT_TEAM = A39WX9UWBY;
				ENABLE_PREVIEWS = YES;
				GENERATE_INFOPLIST_FILE = YES;
				INFOPLIST_KEY_UIApplicationSceneManifest_Generation = YES;
				INFOPLIST_KEY_UIApplicationSupportsIndirectInputEvents = YES;
				INFOPLIST_KEY_UILaunchScreen_Generation = YES;
				INFOPLIST_KEY_UISupportedInterfaceOrientations_iPad = "UIInterfaceOrientationPortrait UIInterfaceOrientationPortraitUpsideDown UIInterfaceOrientationLandscapeLeft UIInterfaceOrientationLandscapeRight";
				INFOPLIST_KEY_UISupportedInterfaceOrientations_iPhone = "UIInterfaceOrientationPortrait UIInterfaceOrientationLandscapeLeft UIInterfaceOrientationLandscapeRight";
				IPHONEOS_DEPLOYMENT_TARGET = 17.0;
				LD_RUNPATH_SEARCH_PATHS = (
					"$(inherited)",
					"@executable_path/Frameworks",
				);
				MARKETING_VERSION = 1.0;
				PRODUCT_BUNDLE_IDENTIFIER = "-.MarvelApp";
				PRODUCT_NAME = "$(TARGET_NAME)";
				SWIFT_EMIT_LOC_STRINGS = YES;
				SWIFT_VERSION = 5.0;
				TARGETED_DEVICE_FAMILY = "1,2";
			};
			name = Release;
		};
/* End XCBuildConfiguration section */

/* Begin XCConfigurationList section */
		A8ADAC7C2B63967C00DB7338 /* Build configuration list for PBXProject "MarvelApp" */ = {
			isa = XCConfigurationList;
			buildConfigurations = (
				A8ADAC8D2B63967D00DB7338 /* Debug */,
				A8ADAC8E2B63967D00DB7338 /* Release */,
			);
			defaultConfigurationIsVisible = 0;
			defaultConfigurationName = Release;
		};
		A8ADAC8F2B63967D00DB7338 /* Build configuration list for PBXNativeTarget "MarvelApp" */ = {
			isa = XCConfigurationList;
			buildConfigurations = (
				A8ADAC902B63967D00DB7338 /* Debug */,
				A8ADAC912B63967D00DB7338 /* Release */,
			);
			defaultConfigurationIsVisible = 0;
			defaultConfigurationName = Release;
		};
/* End XCConfigurationList section */
	};
	rootObject = A8ADAC792B63967C00DB7338 /* Project object */;
}
